
Microsoft Visual Studio Solution File, Format Version 12.00
# Visual Studio 2012
Project("{FAE04EC0-301F-11D3-BF4B-00C04F79EFBC}") = "Workflows", "Workflows\Workflows.csproj", "{98EC024C-6439-44B1-8B1E-29E457B2201F}"
EndProject
Project("{F2A71F9B-5D33-465A-A702-920D77279786}") = "WorkflowTests", "WorkflowTests\WorkflowTests.fsproj", "{9C0B2462-79F6-4007-B868-2E816EA45DD5}"
EndProject
Project("{FAE04EC0-301F-11D3-BF4B-00C04F79EFBC}") = "ServiceActivities", "ServiceActivities\ServiceActivities.csproj", "{A060FC41-7FE4-413C-8D1F-FA1AEA32D9B9}"
EndProject
Project("{FAE04EC0-301F-11D3-BF4B-00C04F79EFBC}") = "ServiceActivities.Design", "ServiceActivities.Design\ServiceActivities.Design.csproj", "{71315D65-FCEF-43D4-B659-F6E50EF8A9DD}"
EndProject
Project("{FAE04EC0-301F-11D3-BF4B-00C04F79EFBC}") = "Website", "Website\Website.csproj", "{D9D31A2B-917C-4641-BE1E-36D27D41DEB0}"
EndProject
Project("{F2A71F9B-5D33-465A-A702-920D77279786}") = "Website.Infrastructure", "Website.Infrastructure\Website.Infrastructure.fsproj", "{910D19C2-B06E-450D-B10E-60D3AAD03FBB}"
EndProject
Global
	GlobalSection(SolutionConfigurationPlatforms) = preSolution
		Debug|Any CPU = Debug|Any CPU
		Release|Any CPU = Release|Any CPU
	EndGlobalSection
	GlobalSection(ProjectConfigurationPlatforms) = postSolution
		{98EC024C-6439-44B1-8B1E-29E457B2201F}.Debug|Any CPU.ActiveCfg = Debug|Any CPU
		{98EC024C-6439-44B1-8B1E-29E457B2201F}.Debug|Any CPU.Build.0 = Debug|Any CPU
		{98EC024C-6439-44B1-8B1E-29E457B2201F}.Release|Any CPU.ActiveCfg = Release|Any CPU
		{98EC024C-6439-44B1-8B1E-29E457B2201F}.Release|Any CPU.Build.0 = Release|Any CPU
		{9C0B2462-79F6-4007-B868-2E816EA45DD5}.Debug|Any CPU.ActiveCfg = Debug|Any CPU
		{9C0B2462-79F6-4007-B868-2E816EA45DD5}.Debug|Any CPU.Build.0 = Debug|Any CPU
		{9C0B2462-79F6-4007-B868-2E816EA45DD5}.Release|Any CPU.ActiveCfg = Release|Any CPU
		{9C0B2462-79F6-4007-B868-2E816EA45DD5}.Release|Any CPU.Build.0 = Release|Any CPU
		{A060FC41-7FE4-413C-8D1F-FA1AEA32D9B9}.Debug|Any CPU.ActiveCfg = Debug|Any CPU
		{A060FC41-7FE4-413C-8D1F-FA1AEA32D9B9}.Debug|Any CPU.Build.0 = Debug|Any CPU
		{A060FC41-7FE4-413C-8D1F-FA1AEA32D9B9}.Release|Any CPU.ActiveCfg = Release|Any CPU
		{A060FC41-7FE4-413C-8D1F-FA1AEA32D9B9}.Release|Any CPU.Build.0 = Release|Any CPU
		{71315D65-FCEF-43D4-B659-F6E50EF8A9DD}.Debug|Any CPU.ActiveCfg = Debug|Any CPU
		{71315D65-FCEF-43D4-B659-F6E50EF8A9DD}.Debug|Any CPU.Build.0 = Debug|Any CPU
		{71315D65-FCEF-43D4-B659-F6E50EF8A9DD}.Release|Any CPU.ActiveCfg = Release|Any CPU
		{71315D65-FCEF-43D4-B659-F6E50EF8A9DD}.Release|Any CPU.Build.0 = Release|Any CPU
		{D9D31A2B-917C-4641-BE1E-36D27D41DEB0}.Debug|Any CPU.ActiveCfg = Debug|Any CPU
		{D9D31A2B-917C-4641-BE1E-36D27D41DEB0}.Debug|Any CPU.Build.0 = Debug|Any CPU
		{D9D31A2B-917C-4641-BE1E-36D27D41DEB0}.Release|Any CPU.ActiveCfg = Release|Any CPU
		{D9D31A2B-917C-4641-BE1E-36D27D41DEB0}.Release|Any CPU.Build.0 = Release|Any CPU
		{910D19C2-B06E-450D-B10E-60D3AAD03FBB}.Debug|Any CPU.ActiveCfg = Debug|Any CPU
		{910D19C2-B06E-450D-B10E-60D3AAD03FBB}.Debug|Any CPU.Build.0 = Debug|Any CPU
		{910D19C2-B06E-450D-B10E-60D3AAD03FBB}.Release|Any CPU.ActiveCfg = Release|Any CPU
		{910D19C2-B06E-450D-B10E-60D3AAD03FBB}.Release|Any CPU.Build.0 = Release|Any CPU
	EndGlobalSection
	GlobalSection(SolutionProperties) = preSolution
		HideSolutionNode = FALSE
	EndGlobalSection
EndGlobal
